
Microsoft Visual Studio Solution File, Format Version 12.00
# Visual Studio Version 17
VisualStudioVersion = 17.9.34622.214
MinimumVisualStudioVersion = 10.0.40219.1
Project("{FAE04EC0-301F-11D3-BF4B-00C04F79EFBC}") = "ExchangeRate", "ExchangeRate\ExchangeRate.csproj", "{1F4869A6-3BA8-4DE3-B7C1-57DBF55FB695}"
EndProject
Global
	GlobalSection(SolutionConfigurationPlatforms) = preSolution
		Debug|Any CPU = Debug|Any CPU
		Release|Any CPU = Release|Any CPU
	EndGlobalSection
	GlobalSection(ProjectConfigurationPlatforms) = postSolution
		{1F4869A6-3BA8-4DE3-B7C1-57DBF55FB695}.Debug|Any CPU.ActiveCfg = Debug|Any CPU
		{1F4869A6-3BA8-4DE3-B7C1-57DBF55FB695}.Debug|Any CPU.Build.0 = Debug|Any CPU
		{1F4869A6-3BA8-4DE3-B7C1-57DBF55FB695}.Release|Any CPU.ActiveCfg = Release|Any CPU
		{1F4869A6-3BA8-4DE3-B7C1-57DBF55FB695}.Release|Any CPU.Build.0 = Release|Any CPU
	EndGlobalSection
	GlobalSection(SolutionProperties) = preSolution
		HideSolutionNode = FALSE
	EndGlobalSection
	GlobalSection(ExtensibilityGlobals) = postSolution
		SolutionGuid = {871744E2-4812-443E-B09B-7386362EC366}
	EndGlobalSection
EndGlobal
